// !$*UTF8*$!
{
	archiveVersion = 1;
	classes = {
	};
	objectVersion = 48;
	objects = {

/* Begin PBXBuildFile section */
		049F6C2D202C1D3A0058C5AD /* AppDelegate.swift in Sources */ = {isa = PBXBuildFile; fileRef = 049F6C2C202C1D3A0058C5AD /* AppDelegate.swift */; };
		049F6C2F202C1D3A0058C5AD /* ViewController.swift in Sources */ = {isa = PBXBuildFile; fileRef = 049F6C2E202C1D3A0058C5AD /* ViewController.swift */; };
		049F6C32202C1D3A0058C5AD /* Main.storyboard in Resources */ = {isa = PBXBuildFile; fileRef = 049F6C30202C1D3A0058C5AD /* Main.storyboard */; };
		049F6C34202C1D3A0058C5AD /* Assets.xcassets in Resources */ = {isa = PBXBuildFile; fileRef = 049F6C33202C1D3A0058C5AD /* Assets.xcassets */; };
		049F6C37202C1D3A0058C5AD /* LaunchScreen.storyboard in Resources */ = {isa = PBXBuildFile; fileRef = 049F6C35202C1D3A0058C5AD /* LaunchScreen.storyboard */; };
		2214F3AB72568912A74FAF38 /* Pods_Dormee.framework in Frameworks */ = {isa = PBXBuildFile; fileRef = 699B4A993CC36689964EC3A5 /* Pods_Dormee.framework */; };
		591B1D1D2035EADF006F21E6 /* UICircularImage.swift in Sources */ = {isa = PBXBuildFile; fileRef = 591B1D192035EADE006F21E6 /* UICircularImage.swift */; };
		591B1D1E2035EADF006F21E6 /* UIInputText.swift in Sources */ = {isa = PBXBuildFile; fileRef = 591B1D1A2035EADE006F21E6 /* UIInputText.swift */; };
		591B1D1F2035EADF006F21E6 /* UIDivider.swift in Sources */ = {isa = PBXBuildFile; fileRef = 591B1D1B2035EADF006F21E6 /* UIDivider.swift */; };
		591B1D202035EADF006F21E6 /* UIButtonMid.swift in Sources */ = {isa = PBXBuildFile; fileRef = 591B1D1C2035EADF006F21E6 /* UIButtonMid.swift */; };
		591B1D292035EF26006F21E6 /* EditProfileViewController.swift in Sources */ = {isa = PBXBuildFile; fileRef = 591B1D282035EF26006F21E6 /* EditProfileViewController.swift */; };
		591B1D2B2035F642006F21E6 /* ProfileViewController.swift in Sources */ = {isa = PBXBuildFile; fileRef = 591B1D2A2035F642006F21E6 /* ProfileViewController.swift */; };
		591B1D2D203AC040006F21E6 /* UICardTableViewCell.swift in Sources */ = {isa = PBXBuildFile; fileRef = 591B1D2C203AC03F006F21E6 /* UICardTableViewCell.swift */; };
		591B1D31203AD063006F21E6 /* ApartmentsTableViewController.swift in Sources */ = {isa = PBXBuildFile; fileRef = 591B1D30203AD063006F21E6 /* ApartmentsTableViewController.swift */; };
		591B1D33203AD167006F21E6 /* Apartment.swift in Sources */ = {isa = PBXBuildFile; fileRef = 591B1D32203AD167006F21E6 /* Apartment.swift */; };
		591B1D35203B0CF1006F21E6 /* Home.storyboard in Resources */ = {isa = PBXBuildFile; fileRef = 591B1D34203B0CF1006F21E6 /* Home.storyboard */; };
		591B1D37203B10EC006F21E6 /* GoogleService-Info.plist in Resources */ = {isa = PBXBuildFile; fileRef = 591B1D36203B10EC006F21E6 /* GoogleService-Info.plist */; };
		591B1D3A203B14B5006F21E6 /* Profile.storyboard in Resources */ = {isa = PBXBuildFile; fileRef = 591B1D38203B14B5006F21E6 /* Profile.storyboard */; };
		59FE3204203C558100E36FB0 /* ProfilePhotoViewController.swift in Sources */ = {isa = PBXBuildFile; fileRef = 59FE3203203C558100E36FB0 /* ProfilePhotoViewController.swift */; };
		59FE3206203CCA0B00E36FB0 /* CreateAnAd.storyboard in Resources */ = {isa = PBXBuildFile; fileRef = 59FE3205203CCA0B00E36FB0 /* CreateAnAd.storyboard */; };
/* End PBXBuildFile section */

/* Begin PBXFileReference section */
		049F6C29202C1D3A0058C5AD /* Dormee.app */ = {isa = PBXFileReference; explicitFileType = wrapper.application; includeInIndex = 0; path = Dormee.app; sourceTree = BUILT_PRODUCTS_DIR; };
		049F6C2C202C1D3A0058C5AD /* AppDelegate.swift */ = {isa = PBXFileReference; lastKnownFileType = sourcecode.swift; path = AppDelegate.swift; sourceTree = "<group>"; };
		049F6C2E202C1D3A0058C5AD /* ViewController.swift */ = {isa = PBXFileReference; lastKnownFileType = sourcecode.swift; path = ViewController.swift; sourceTree = "<group>"; };
		049F6C31202C1D3A0058C5AD /* Base */ = {isa = PBXFileReference; lastKnownFileType = file.storyboard; name = Base; path = Base.lproj/Main.storyboard; sourceTree = "<group>"; };
		049F6C33202C1D3A0058C5AD /* Assets.xcassets */ = {isa = PBXFileReference; lastKnownFileType = folder.assetcatalog; path = Assets.xcassets; sourceTree = "<group>"; };
		049F6C36202C1D3A0058C5AD /* Base */ = {isa = PBXFileReference; lastKnownFileType = file.storyboard; name = Base; path = Base.lproj/LaunchScreen.storyboard; sourceTree = "<group>"; };
		049F6C38202C1D3A0058C5AD /* Info.plist */ = {isa = PBXFileReference; lastKnownFileType = text.plist.xml; path = Info.plist; sourceTree = "<group>"; };
		46CA21D39505015A483E90CE /* Pods-Dormee.debug.xcconfig */ = {isa = PBXFileReference; includeInIndex = 1; lastKnownFileType = text.xcconfig; name = "Pods-Dormee.debug.xcconfig"; path = "Pods/Target Support Files/Pods-Dormee/Pods-Dormee.debug.xcconfig"; sourceTree = "<group>"; };
		47649A8D871FB9956CBEC129 /* Pods-Dormee.release.xcconfig */ = {isa = PBXFileReference; includeInIndex = 1; lastKnownFileType = text.xcconfig; name = "Pods-Dormee.release.xcconfig"; path = "Pods/Target Support Files/Pods-Dormee/Pods-Dormee.release.xcconfig"; sourceTree = "<group>"; };
		591B1D192035EADE006F21E6 /* UICircularImage.swift */ = {isa = PBXFileReference; fileEncoding = 4; lastKnownFileType = sourcecode.swift; path = UICircularImage.swift; sourceTree = "<group>"; };
		591B1D1A2035EADE006F21E6 /* UIInputText.swift */ = {isa = PBXFileReference; fileEncoding = 4; lastKnownFileType = sourcecode.swift; path = UIInputText.swift; sourceTree = "<group>"; };
		591B1D1B2035EADF006F21E6 /* UIDivider.swift */ = {isa = PBXFileReference; fileEncoding = 4; lastKnownFileType = sourcecode.swift; path = UIDivider.swift; sourceTree = "<group>"; };
		591B1D1C2035EADF006F21E6 /* UIButtonMid.swift */ = {isa = PBXFileReference; fileEncoding = 4; lastKnownFileType = sourcecode.swift; path = UIButtonMid.swift; sourceTree = "<group>"; };
		591B1D282035EF26006F21E6 /* EditProfileViewController.swift */ = {isa = PBXFileReference; fileEncoding = 4; lastKnownFileType = sourcecode.swift; path = EditProfileViewController.swift; sourceTree = "<group>"; };
		591B1D2A2035F642006F21E6 /* ProfileViewController.swift */ = {isa = PBXFileReference; lastKnownFileType = sourcecode.swift; path = ProfileViewController.swift; sourceTree = "<group>"; };
		591B1D2C203AC03F006F21E6 /* UICardTableViewCell.swift */ = {isa = PBXFileReference; lastKnownFileType = sourcecode.swift; path = UICardTableViewCell.swift; sourceTree = "<group>"; };
		591B1D30203AD063006F21E6 /* ApartmentsTableViewController.swift */ = {isa = PBXFileReference; lastKnownFileType = sourcecode.swift; path = ApartmentsTableViewController.swift; sourceTree = "<group>"; };
		591B1D32203AD167006F21E6 /* Apartment.swift */ = {isa = PBXFileReference; lastKnownFileType = sourcecode.swift; name = Apartment.swift; path = Dormee/Model/Apartment.swift; sourceTree = SOURCE_ROOT; };
		591B1D34203B0CF1006F21E6 /* Home.storyboard */ = {isa = PBXFileReference; lastKnownFileType = file.storyboard; path = Home.storyboard; sourceTree = "<group>"; };
		591B1D36203B10EC006F21E6 /* GoogleService-Info.plist */ = {isa = PBXFileReference; fileEncoding = 4; lastKnownFileType = text.plist.xml; name = "GoogleService-Info.plist"; path = "../../../../../Downloads/GoogleService-Info.plist"; sourceTree = "<group>"; };
		591B1D39203B14B5006F21E6 /* Base */ = {isa = PBXFileReference; lastKnownFileType = file.storyboard; name = Base; path = Base.lproj/Profile.storyboard; sourceTree = "<group>"; };
		59FE3203203C558100E36FB0 /* ProfilePhotoViewController.swift */ = {isa = PBXFileReference; lastKnownFileType = sourcecode.swift; path = ProfilePhotoViewController.swift; sourceTree = "<group>"; };
		59FE3205203CCA0B00E36FB0 /* CreateAnAd.storyboard */ = {isa = PBXFileReference; lastKnownFileType = file.storyboard; path = CreateAnAd.storyboard; sourceTree = "<group>"; };
		699B4A993CC36689964EC3A5 /* Pods_Dormee.framework */ = {isa = PBXFileReference; explicitFileType = wrapper.framework; includeInIndex = 0; path = Pods_Dormee.framework; sourceTree = BUILT_PRODUCTS_DIR; };
/* End PBXFileReference section */

/* Begin PBXFrameworksBuildPhase section */
		049F6C26202C1D3A0058C5AD /* Frameworks */ = {
			isa = PBXFrameworksBuildPhase;
			buildActionMask = 2147483647;
			files = (
				2214F3AB72568912A74FAF38 /* Pods_Dormee.framework in Frameworks */,
			);
			runOnlyForDeploymentPostprocessing = 0;
		};
/* End PBXFrameworksBuildPhase section */

/* Begin PBXGroup section */
		049F6C20202C1D3A0058C5AD = {
			isa = PBXGroup;
			children = (
				049F6C2B202C1D3A0058C5AD /* Dormee */,
				049F6C2A202C1D3A0058C5AD /* Products */,
				C10F5F406628911AA34495CE /* Pods */,
				1F5D34F3E54F8E036C400511 /* Frameworks */,
			);
			sourceTree = "<group>";
		};
		049F6C2A202C1D3A0058C5AD /* Products */ = {
			isa = PBXGroup;
			children = (
				049F6C29202C1D3A0058C5AD /* Dormee.app */,
			);
			name = Products;
			sourceTree = "<group>";
		};
		049F6C2B202C1D3A0058C5AD /* Dormee */ = {
			isa = PBXGroup;
			children = (
				049F6C41202C1D630058C5AD /* Model */,
				049F6C40202C1D5B0058C5AD /* View */,
				049F6C3E202C1D460058C5AD /* Controller */,
				049F6C42202C1D680058C5AD /* Services */,
				049F6C2C202C1D3A0058C5AD /* AppDelegate.swift */,
				049F6C30202C1D3A0058C5AD /* Main.storyboard */,
				591B1D34203B0CF1006F21E6 /* Home.storyboard */,
				591B1D38203B14B5006F21E6 /* Profile.storyboard */,
				59FE3205203CCA0B00E36FB0 /* CreateAnAd.storyboard */,
				049F6C33202C1D3A0058C5AD /* Assets.xcassets */,
				049F6C35202C1D3A0058C5AD /* LaunchScreen.storyboard */,
				049F6C38202C1D3A0058C5AD /* Info.plist */,
				591B1D36203B10EC006F21E6 /* GoogleService-Info.plist */,
			);
			path = Dormee;
			sourceTree = "<group>";
		};
		049F6C3E202C1D460058C5AD /* Controller */ = {
			isa = PBXGroup;
			children = (
				591B1D282035EF26006F21E6 /* EditProfileViewController.swift */,
				049F6C2E202C1D3A0058C5AD /* ViewController.swift */,
				591B1D2A2035F642006F21E6 /* ProfileViewController.swift */,
				591B1D30203AD063006F21E6 /* ApartmentsTableViewController.swift */,
				59FE3203203C558100E36FB0 /* ProfilePhotoViewController.swift */,
			);
			path = Controller;
			sourceTree = "<group>";
		};
		049F6C40202C1D5B0058C5AD /* View */ = {
			isa = PBXGroup;
			children = (
				591B1D1C2035EADF006F21E6 /* UIButtonMid.swift */,
				591B1D192035EADE006F21E6 /* UICircularImage.swift */,
				591B1D1B2035EADF006F21E6 /* UIDivider.swift */,
				591B1D1A2035EADE006F21E6 /* UIInputText.swift */,
				591B1D2C203AC03F006F21E6 /* UICardTableViewCell.swift */,
			);
			path = View;
			sourceTree = "<group>";
		};
		049F6C41202C1D630058C5AD /* Model */ = {
			isa = PBXGroup;
			children = (
				591B1D32203AD167006F21E6 /* Apartment.swift */,
			);
			name = Model;
			sourceTree = "<group>";
		};
		049F6C42202C1D680058C5AD /* Services */ = {
			isa = PBXGroup;
			children = (
			);
			path = Services;
			sourceTree = "<group>";
		};
		1F5D34F3E54F8E036C400511 /* Frameworks */ = {
			isa = PBXGroup;
			children = (
				699B4A993CC36689964EC3A5 /* Pods_Dormee.framework */,
			);
			name = Frameworks;
			sourceTree = "<group>";
		};
		C10F5F406628911AA34495CE /* Pods */ = {
			isa = PBXGroup;
			children = (
				46CA21D39505015A483E90CE /* Pods-Dormee.debug.xcconfig */,
				47649A8D871FB9956CBEC129 /* Pods-Dormee.release.xcconfig */,
			);
			name = Pods;
			sourceTree = "<group>";
		};
/* End PBXGroup section */

/* Begin PBXNativeTarget section */
		049F6C28202C1D3A0058C5AD /* Dormee */ = {
			isa = PBXNativeTarget;
			buildConfigurationList = 049F6C3B202C1D3A0058C5AD /* Build configuration list for PBXNativeTarget "Dormee" */;
			buildPhases = (
				C7BAB6C3425757F2419B0B38 /* [CP] Check Pods Manifest.lock */,
				049F6C25202C1D3A0058C5AD /* Sources */,
				049F6C26202C1D3A0058C5AD /* Frameworks */,
				049F6C27202C1D3A0058C5AD /* Resources */,
				1262ADC91F21CF15AC457178 /* [CP] Embed Pods Frameworks */,
				110EBADCC55081D66CC0F818 /* [CP] Copy Pods Resources */,
			);
			buildRules = (
			);
			dependencies = (
			);
			name = Dormee;
			productName = Dormee;
			productReference = 049F6C29202C1D3A0058C5AD /* Dormee.app */;
			productType = "com.apple.product-type.application";
		};
/* End PBXNativeTarget section */

/* Begin PBXProject section */
		049F6C21202C1D3A0058C5AD /* Project object */ = {
			isa = PBXProject;
			attributes = {
				LastSwiftUpdateCheck = 0920;
				LastUpgradeCheck = 0920;
				ORGANIZATIONNAME = Zaki;
				TargetAttributes = {
					049F6C28202C1D3A0058C5AD = {
						CreatedOnToolsVersion = 9.2;
						ProvisioningStyle = Automatic;
					};
				};
			};
			buildConfigurationList = 049F6C24202C1D3A0058C5AD /* Build configuration list for PBXProject "Dormee" */;
			compatibilityVersion = "Xcode 8.0";
			developmentRegion = en;
			hasScannedForEncodings = 0;
			knownRegions = (
				en,
				Base,
			);
			mainGroup = 049F6C20202C1D3A0058C5AD;
			productRefGroup = 049F6C2A202C1D3A0058C5AD /* Products */;
			projectDirPath = "";
			projectRoot = "";
			targets = (
				049F6C28202C1D3A0058C5AD /* Dormee */,
			);
		};
/* End PBXProject section */

/* Begin PBXResourcesBuildPhase section */
		049F6C27202C1D3A0058C5AD /* Resources */ = {
			isa = PBXResourcesBuildPhase;
			buildActionMask = 2147483647;
			files = (
				591B1D3A203B14B5006F21E6 /* Profile.storyboard in Resources */,
				049F6C37202C1D3A0058C5AD /* LaunchScreen.storyboard in Resources */,
				591B1D35203B0CF1006F21E6 /* Home.storyboard in Resources */,
				59FE3206203CCA0B00E36FB0 /* CreateAnAd.storyboard in Resources */,
				049F6C34202C1D3A0058C5AD /* Assets.xcassets in Resources */,
				049F6C32202C1D3A0058C5AD /* Main.storyboard in Resources */,
				591B1D37203B10EC006F21E6 /* GoogleService-Info.plist in Resources */,
			);
			runOnlyForDeploymentPostprocessing = 0;
		};
/* End PBXResourcesBuildPhase section */

/* Begin PBXShellScriptBuildPhase section */
		110EBADCC55081D66CC0F818 /* [CP] Copy Pods Resources */ = {
			isa = PBXShellScriptBuildPhase;
			buildActionMask = 2147483647;
			files = (
			);
			inputPaths = (
			);
			name = "[CP] Copy Pods Resources";
			outputPaths = (
			);
			runOnlyForDeploymentPostprocessing = 0;
			shellPath = /bin/sh;
			shellScript = "\"${SRCROOT}/Pods/Target Support Files/Pods-Dormee/Pods-Dormee-resources.sh\"\n";
			showEnvVarsInLog = 0;
		};
		1262ADC91F21CF15AC457178 /* [CP] Embed Pods Frameworks */ = {
			isa = PBXShellScriptBuildPhase;
			buildActionMask = 2147483647;
			files = (
			);
			inputPaths = (
				"${SRCROOT}/Pods/Target Support Files/Pods-Dormee/Pods-Dormee-frameworks.sh",
				"${BUILT_PRODUCTS_DIR}/BoringSSL/openssl.framework",
				"${BUILT_PRODUCTS_DIR}/GTMSessionFetcher/GTMSessionFetcher.framework",
				"${BUILT_PRODUCTS_DIR}/GoogleToolboxForMac/GoogleToolboxForMac.framework",
				"${BUILT_PRODUCTS_DIR}/Protobuf/Protobuf.framework",
				"${BUILT_PRODUCTS_DIR}/gRPC/GRPCClient.framework",
				"${BUILT_PRODUCTS_DIR}/gRPC-Core/grpc.framework",
				"${BUILT_PRODUCTS_DIR}/gRPC-ProtoRPC/ProtoRPC.framework",
				"${BUILT_PRODUCTS_DIR}/gRPC-RxLibrary/RxLibrary.framework",
				"${BUILT_PRODUCTS_DIR}/leveldb-library/leveldb.framework",
				"${BUILT_PRODUCTS_DIR}/nanopb/nanopb.framework",
			);
			name = "[CP] Embed Pods Frameworks";
			outputPaths = (
				"${TARGET_BUILD_DIR}/${FRAMEWORKS_FOLDER_PATH}/openssl.framework",
				"${TARGET_BUILD_DIR}/${FRAMEWORKS_FOLDER_PATH}/GTMSessionFetcher.framework",
				"${TARGET_BUILD_DIR}/${FRAMEWORKS_FOLDER_PATH}/GoogleToolboxForMac.framework",
				"${TARGET_BUILD_DIR}/${FRAMEWORKS_FOLDER_PATH}/Protobuf.framework",
				"${TARGET_BUILD_DIR}/${FRAMEWORKS_FOLDER_PATH}/GRPCClient.framework",
				"${TARGET_BUILD_DIR}/${FRAMEWORKS_FOLDER_PATH}/grpc.framework",
				"${TARGET_BUILD_DIR}/${FRAMEWORKS_FOLDER_PATH}/ProtoRPC.framework",
				"${TARGET_BUILD_DIR}/${FRAMEWORKS_FOLDER_PATH}/RxLibrary.framework",
				"${TARGET_BUILD_DIR}/${FRAMEWORKS_FOLDER_PATH}/leveldb.framework",
				"${TARGET_BUILD_DIR}/${FRAMEWORKS_FOLDER_PATH}/nanopb.framework",
			);
			runOnlyForDeploymentPostprocessing = 0;
			shellPath = /bin/sh;
			shellScript = "\"${SRCROOT}/Pods/Target Support Files/Pods-Dormee/Pods-Dormee-frameworks.sh\"\n";
			showEnvVarsInLog = 0;
		};
		C7BAB6C3425757F2419B0B38 /* [CP] Check Pods Manifest.lock */ = {
			isa = PBXShellScriptBuildPhase;
			buildActionMask = 2147483647;
			files = (
			);
			inputPaths = (
				"${PODS_PODFILE_DIR_PATH}/Podfile.lock",
				"${PODS_ROOT}/Manifest.lock",
			);
			name = "[CP] Check Pods Manifest.lock";
			outputPaths = (
				"$(DERIVED_FILE_DIR)/Pods-Dormee-checkManifestLockResult.txt",
			);
			runOnlyForDeploymentPostprocessing = 0;
			shellPath = /bin/sh;
			shellScript = "diff \"${PODS_PODFILE_DIR_PATH}/Podfile.lock\" \"${PODS_ROOT}/Manifest.lock\" > /dev/null\nif [ $? != 0 ] ; then\n    # print error to STDERR\n    echo \"error: The sandbox is not in sync with the Podfile.lock. Run 'pod install' or update your CocoaPods installation.\" >&2\n    exit 1\nfi\n# This output is used by Xcode 'outputs' to avoid re-running this script phase.\necho \"SUCCESS\" > \"${SCRIPT_OUTPUT_FILE_0}\"\n";
			showEnvVarsInLog = 0;
		};
/* End PBXShellScriptBuildPhase section */

/* Begin PBXSourcesBuildPhase section */
		049F6C25202C1D3A0058C5AD /* Sources */ = {
			isa = PBXSourcesBuildPhase;
			buildActionMask = 2147483647;
			files = (
				049F6C2F202C1D3A0058C5AD /* ViewController.swift in Sources */,
				591B1D1D2035EADF006F21E6 /* UICircularImage.swift in Sources */,
				591B1D202035EADF006F21E6 /* UIButtonMid.swift in Sources */,
				049F6C2D202C1D3A0058C5AD /* AppDelegate.swift in Sources */,
				591B1D31203AD063006F21E6 /* ApartmentsTableViewController.swift in Sources */,
				591B1D1F2035EADF006F21E6 /* UIDivider.swift in Sources */,
				59FE3204203C558100E36FB0 /* ProfilePhotoViewController.swift in Sources */,
				591B1D1E2035EADF006F21E6 /* UIInputText.swift in Sources */,
				591B1D2B2035F642006F21E6 /* ProfileViewController.swift in Sources */,
				591B1D292035EF26006F21E6 /* EditProfileViewController.swift in Sources */,
				591B1D33203AD167006F21E6 /* Apartment.swift in Sources */,
				591B1D2D203AC040006F21E6 /* UICardTableViewCell.swift in Sources */,
			);
			runOnlyForDeploymentPostprocessing = 0;
		};
/* End PBXSourcesBuildPhase section */

/* Begin PBXVariantGroup section */
		049F6C30202C1D3A0058C5AD /* Main.storyboard */ = {
			isa = PBXVariantGroup;
			children = (
				049F6C31202C1D3A0058C5AD /* Base */,
			);
			name = Main.storyboard;
			sourceTree = "<group>";
		};
		049F6C35202C1D3A0058C5AD /* LaunchScreen.storyboard */ = {
			isa = PBXVariantGroup;
			children = (
				049F6C36202C1D3A0058C5AD /* Base */,
			);
			name = LaunchScreen.storyboard;
			sourceTree = "<group>";
		};
		591B1D38203B14B5006F21E6 /* Profile.storyboard */ = {
			isa = PBXVariantGroup;
			children = (
				591B1D39203B14B5006F21E6 /* Base */,
			);
			name = Profile.storyboard;
			sourceTree = "<group>";
		};
/* End PBXVariantGroup section */

/* Begin XCBuildConfiguration section */
		049F6C39202C1D3A0058C5AD /* Debug */ = {
			isa = XCBuildConfiguration;
			buildSettings = {
				ALWAYS_SEARCH_USER_PATHS = NO;
				CLANG_ANALYZER_NONNULL = YES;
				CLANG_ANALYZER_NUMBER_OBJECT_CONVERSION = YES_AGGRESSIVE;
				CLANG_CXX_LANGUAGE_STANDARD = "gnu++14";
				CLANG_CXX_LIBRARY = "libc++";
				CLANG_ENABLE_MODULES = YES;
				CLANG_ENABLE_OBJC_ARC = YES;
				CLANG_WARN_BLOCK_CAPTURE_AUTORELEASING = YES;
				CLANG_WARN_BOOL_CONVERSION = YES;
				CLANG_WARN_COMMA = YES;
				CLANG_WARN_CONSTANT_CONVERSION = YES;
				CLANG_WARN_DIRECT_OBJC_ISA_USAGE = YES_ERROR;
				CLANG_WARN_DOCUMENTATION_COMMENTS = YES;
				CLANG_WARN_EMPTY_BODY = YES;
				CLANG_WARN_ENUM_CONVERSION = YES;
				CLANG_WARN_INFINITE_RECURSION = YES;
				CLANG_WARN_INT_CONVERSION = YES;
				CLANG_WARN_NON_LITERAL_NULL_CONVERSION = YES;
				CLANG_WARN_OBJC_LITERAL_CONVERSION = YES;
				CLANG_WARN_OBJC_ROOT_CLASS = YES_ERROR;
				CLANG_WARN_RANGE_LOOP_ANALYSIS = YES;
				CLANG_WARN_STRICT_PROTOTYPES = YES;
				CLANG_WARN_SUSPICIOUS_MOVE = YES;
				CLANG_WARN_UNGUARDED_AVAILABILITY = YES_AGGRESSIVE;
				CLANG_WARN_UNREACHABLE_CODE = YES;
				CLANG_WARN__DUPLICATE_METHOD_MATCH = YES;
				CODE_SIGN_IDENTITY = "iPhone Developer";
				COPY_PHASE_STRIP = NO;
				DEBUG_INFORMATION_FORMAT = dwarf;
				ENABLE_STRICT_OBJC_MSGSEND = YES;
				ENABLE_TESTABILITY = YES;
				GCC_C_LANGUAGE_STANDARD = gnu11;
				GCC_DYNAMIC_NO_PIC = NO;
				GCC_NO_COMMON_BLOCKS = YES;
				GCC_OPTIMIZATION_LEVEL = 0;
				GCC_PREPROCESSOR_DEFINITIONS = (
					"DEBUG=1",
					"$(inherited)",
				);
				GCC_WARN_64_TO_32_BIT_CONVERSION = YES;
				GCC_WARN_ABOUT_RETURN_TYPE = YES_ERROR;
				GCC_WARN_UNDECLARED_SELECTOR = YES;
				GCC_WARN_UNINITIALIZED_AUTOS = YES_AGGRESSIVE;
				GCC_WARN_UNUSED_FUNCTION = YES;
				GCC_WARN_UNUSED_VARIABLE = YES;
				IPHONEOS_DEPLOYMENT_TARGET = 11.2;
				MTL_ENABLE_DEBUG_INFO = YES;
				ONLY_ACTIVE_ARCH = YES;
				SDKROOT = iphoneos;
				SWIFT_ACTIVE_COMPILATION_CONDITIONS = DEBUG;
				SWIFT_OPTIMIZATION_LEVEL = "-Onone";
			};
			name = Debug;
		};
		049F6C3A202C1D3A0058C5AD /* Release */ = {
			isa = XCBuildConfiguration;
			buildSettings = {
				ALWAYS_SEARCH_USER_PATHS = NO;
				CLANG_ANALYZER_NONNULL = YES;
				CLANG_ANALYZER_NUMBER_OBJECT_CONVERSION = YES_AGGRESSIVE;
				CLANG_CXX_LANGUAGE_STANDARD = "gnu++14";
				CLANG_CXX_LIBRARY = "libc++";
				CLANG_ENABLE_MODULES = YES;
				CLANG_ENABLE_OBJC_ARC = YES;
				CLANG_WARN_BLOCK_CAPTURE_AUTORELEASING = YES;
				CLANG_WARN_BOOL_CONVERSION = YES;
				CLANG_WARN_COMMA = YES;
				CLANG_WARN_CONSTANT_CONVERSION = YES;
				CLANG_WARN_DIRECT_OBJC_ISA_USAGE = YES_ERROR;
				CLANG_WARN_DOCUMENTATION_COMMENTS = YES;
				CLANG_WARN_EMPTY_BODY = YES;
				CLANG_WARN_ENUM_CONVERSION = YES;
				CLANG_WARN_INFINITE_RECURSION = YES;
				CLANG_WARN_INT_CONVERSION = YES;
				CLANG_WARN_NON_LITERAL_NULL_CONVERSION = YES;
				CLANG_WARN_OBJC_LITERAL_CONVERSION = YES;
				CLANG_WARN_OBJC_ROOT_CLASS = YES_ERROR;
				CLANG_WARN_RANGE_LOOP_ANALYSIS = YES;
				CLANG_WARN_STRICT_PROTOTYPES = YES;
				CLANG_WARN_SUSPICIOUS_MOVE = YES;
				CLANG_WARN_UNGUARDED_AVAILABILITY = YES_AGGRESSIVE;
				CLANG_WARN_UNREACHABLE_CODE = YES;
				CLANG_WARN__DUPLICATE_METHOD_MATCH = YES;
				CODE_SIGN_IDENTITY = "iPhone Developer";
				COPY_PHASE_STRIP = NO;
				DEBUG_INFORMATION_FORMAT = "dwarf-with-dsym";
				ENABLE_NS_ASSERTIONS = NO;
				ENABLE_STRICT_OBJC_MSGSEND = YES;
				GCC_C_LANGUAGE_STANDARD = gnu11;
				GCC_NO_COMMON_BLOCKS = YES;
				GCC_WARN_64_TO_32_BIT_CONVERSION = YES;
				GCC_WARN_ABOUT_RETURN_TYPE = YES_ERROR;
				GCC_WARN_UNDECLARED_SELECTOR = YES;
				GCC_WARN_UNINITIALIZED_AUTOS = YES_AGGRESSIVE;
				GCC_WARN_UNUSED_FUNCTION = YES;
				GCC_WARN_UNUSED_VARIABLE = YES;
				IPHONEOS_DEPLOYMENT_TARGET = 11.2;
				MTL_ENABLE_DEBUG_INFO = NO;
				SDKROOT = iphoneos;
				SWIFT_OPTIMIZATION_LEVEL = "-Owholemodule";
				VALIDATE_PRODUCT = YES;
			};
			name = Release;
		};
		049F6C3C202C1D3A0058C5AD /* Debug */ = {
			isa = XCBuildConfiguration;
			baseConfigurationReference = 46CA21D39505015A483E90CE /* Pods-Dormee.debug.xcconfig */;
			buildSettings = {
				ASSETCATALOG_COMPILER_APPICON_NAME = AppIcon;
				CODE_SIGN_STYLE = Automatic;
				INFOPLIST_FILE = Dormee/Info.plist;
				LD_RUNPATH_SEARCH_PATHS = "$(inherited) @executable_path/Frameworks";
				PRODUCT_BUNDLE_IDENTIFIER = com.Dormee.ios;
				PRODUCT_NAME = "$(TARGET_NAME)";
				SWIFT_VERSION = 4.0;
				TARGETED_DEVICE_FAMILY = "1,2";
			};
			name = Debug;
		};
		049F6C3D202C1D3A0058C5AD /* Release */ = {
			isa = XCBuildConfiguration;
			baseConfigurationReference = 47649A8D871FB9956CBEC129 /* Pods-Dormee.release.xcconfig */;
			buildSettings = {
				ASSETCATALOG_COMPILER_APPICON_NAME = AppIcon;
				CODE_SIGN_STYLE = Automatic;
				INFOPLIST_FILE = Dormee/Info.plist;
				LD_RUNPATH_SEARCH_PATHS = "$(inherited) @executable_path/Frameworks";
				PRODUCT_BUNDLE_IDENTIFIER = com.Dormee.ios;
				PRODUCT_NAME = "$(TARGET_NAME)";
				SWIFT_VERSION = 4.0;
				TARGETED_DEVICE_FAMILY = "1,2";
			};
			name = Release;
		};
/* End XCBuildConfiguration section */

/* Begin XCConfigurationList section */
		049F6C24202C1D3A0058C5AD /* Build configuration list for PBXProject "Dormee" */ = {
			isa = XCConfigurationList;
			buildConfigurations = (
				049F6C39202C1D3A0058C5AD /* Debug */,
				049F6C3A202C1D3A0058C5AD /* Release */,
			);
			defaultConfigurationIsVisible = 0;
			defaultConfigurationName = Release;
		};
		049F6C3B202C1D3A0058C5AD /* Build configuration list for PBXNativeTarget "Dormee" */ = {
			isa = XCConfigurationList;
			buildConfigurations = (
				049F6C3C202C1D3A0058C5AD /* Debug */,
				049F6C3D202C1D3A0058C5AD /* Release */,
			);
			defaultConfigurationIsVisible = 0;
			defaultConfigurationName = Release;
		};
/* End XCConfigurationList section */
	};
	rootObject = 049F6C21202C1D3A0058C5AD /* Project object */;
}
